filippo.io/edwards25519 v1.0.0 h1:0wAIcmJUqRdI8IJ/3eGi5/HwXZWPujYXXlkrQogz0Ek=
filippo.io/edwards25519 v1.0.0/go.mod h1:N1IkdkCkiLB6tki+MYJoSx2JTY9NUlxZE7eHn5EwJns=
github.com/golang/protobuf v1.5.0/go.mod h1:FsONVRAS9T7sI+LIUmWTfcYkHO4aIWwzhcaSAoJOfIk=
github.com/google/go-cmp v0.5.5/go.mod h1:v8dTdLbMG2kIc/vJvl+f65V22dbkXbowE6jgT/gNBxE=
github.com/gorilla/websocket v1.5.0 h1:PPwGk2jz7EePpoHN/+ClbZu8SPxiqlu12wZP/3sWmnc=
github.com/gorilla/websocket v1.5.0/go.mod h1:YR8l580nyteQvAITg2hZ9XVh4b55+EU/adAjf1fMHhE=
github.com/mattn/go-sqlite3 v1.14.14 h1:qZgc/Rwetq+MtyE18WhzjokPD93dNqLGNT3QJuLvBGw=
github.com/mattn/go-sqlite3 v1.14.14/go.mod h1:NyWgC/yNuGj7Q9rpYnZvas74GogHl5/Z4A/KQRfk6bU=
github.com/mdp/qrterminal v1.0.1 h1:07+fzVDlPuBlXS8tB0ktTAyf+Lp1j2+2zK3fBOL5b7c=
github.com/mdp/qrterminal v1.0.1/go.mod h1:Z33WhxQe9B6CdW37HaVqcRKzP+kByF3q/qLxOGe12xQ=
github.com/probandula/figlet4go v0.0.0-20190224160619-d6cef5b186ea h1:1kkF0sPt3AuuH5c4baekAotxCb/olVlZ1ieA3pIdrFg=
github.com/probandula/figlet4go v0.0.0-20190224160619-d6cef5b186ea/go.mod h1:vw9/Y/BcPaFSLDhbxzdhj5sBhz1ZZFjwQvIYeogc7do=
go.mau.fi/libsignal v0.0.0-20220628090436-4d18b66b087e h1:ByHDg+D+dMIGuBA2n+1xOUf4xr3FJFYg8yxl06s1YBE=
go.mau.fi/libsignal v0.0.0-20220628090436-4d18b66b087e/go.mod h1:RCdzkTWSJv0AKGqurzPXJsEGIVMuQps3E/h7CMUPous=
go.mau.fi/libsignal v0.0.0-20221015105917-d970e7c3c9cf h1:mzPxXBgDPHKDHMVV1tIWh7lwCiRpzCsXC0gNRX+K07c=
go.mau.fi/libsignal v0.0.0-20221015105917-d970e7c3c9cf/go.mod h1:XCjaU93vl71YNRPn059jMrK0xRDwVO5gKbxoPxow9mQ=
go.mau.fi/libsignal v0.1.0 h1:vAKI/nJ5tMhdzke4cTK1fb0idJzz1JuEIpmjprueC+c=
go.mau.fi/libsignal v0.1.0/go.mod h1:R8ovrTezxtUNzCQE5PH30StOQWWeBskBsWE55vMfY9I=
go.mau.fi/whatsmeow v0.0.0-20220629192020-6e4a9fb4bbe6 h1:/+d314pdhQufv8+3kka5vwh9p1mraLkN7D8eb9Z5o+0=
go.mau.fi/whatsmeow v0.0.0-20220629192020-6e4a9fb4bbe6/go.mod h1:hsjqq2xLuoFew8vbsDCJcGf5EbXCRcR/yoQ+87w6m3k=
go.mau.fi/whatsmeow v0.0.0-20221202142825-d138a41ca8b8 h1:NGYkG/DXj7mEAR50CT0f+pNWITmlYH8H0+pS6n95XD0=
go.mau.fi/whatsmeow v0.0.0-20221202142825-d138a41ca8b8/go.mod h1:2yweL8nczvtlIxkrvCb0y8xiO13rveX9lJPambwYV/E=
go.mau.fi/whatsmeow v0.0.0-20230614142319-2114a3c181bd h1:AsFfDeXdpMSd9gVLWO2vh7IPAN4hyf0b0fN1CNtTJEI=
go.mau.fi/whatsmeow v0.0.0-20230614142319-2114a3c181bd/go.mod h1:+ObGpFE6cbbY4hKc1FmQH9MVfqaemmlXGXSnwDvCOyE=
golang.org/x/crypto v0.0.0-20220622213112-05595931fe9d h1:sK3txAijHtOK88l68nt020reeT1ZdKLIYetKl95FzVY=
golang.org/x/crypto v0.0.0-20220622213112-05595931fe9d/go.mod h1:IxCIyHEi3zRg3s0A5j5BB6A9Jmi73HwBIUl50j+osU4=
golang.org/x/crypto v0.3.0 h1:a06MkbcxBrEFc0w0QIZWXrH/9cCX6KJyWbBOIwAn+7A=
golang.org/x/crypto v0.3.0/go.mod h1:hebNnKkNXi2UzZN1eVRvBB7co0a+JxK6XbPiWVs/3J4=
golang.org/x/crypto v0.10.0 h1:LKqV2xt9+kDzSTfOhx4FrkEBcMrAgHSYgzywV9zcGmM=
golang.org/x/crypto v0.10.0/go.mod h1:o4eNf7Ede1fv+hwOwZsTHl9EsPFO6q6ZvYR8vYfY45I=
golang.org/x/xerrors v0.0.0-20191204190536-9bdfabe68543/go.mod h1:I/5z698sn9Ka8TeJc9MKroUUfqBBauWjQqLJ2OPfmY0=
google.golang.org/protobuf v1.26.0-rc.1/go.mod h1:jlhhOSvTdKEhbULTjvd4ARK9grFBp09yW+WbY/TyQbw=
google.golang.org/protobuf v1.28.0 h1:w43yiav+6bVFTBQFZX0r7ipe9JQ1QsbMgHwbBziscLw=
google.golang.org/protobuf v1.28.0/go.mod h1:HV8QOd/L58Z+nl8r43ehVNZIU/HEI6OcFqwMG9pJV4I=
google.golang.org/protobuf v1.28.1 h1:d0NfwRgPtno5B1Wa6L2DAG+KivqkdutMf1UhdNx175w=
google.golang.org/protobuf v1.28.1/go.mod h1:HV8QOd/L58Z+nl8r43ehVNZIU/HEI6OcFqwMG9pJV4I=
google.golang.org/protobuf v1.30.0 h1:kPPoIgf3TsEvrm0PFe15JQ+570QVxYzEvvHqChK+cng=
google.golang.org/protobuf v1.30.0/go.mod h1:HV8QOd/L58Z+nl8r43ehVNZIU/HEI6OcFqwMG9pJV4I=
rsc.io/qr v0.2.0 h1:6vBLea5/NRMVTz8V66gipeLycZMl/+UlFmk8DvqQ6WY=
rsc.io/qr v0.2.0/go.mod h1:IF+uZjkb9fqyeF/4tlBoynqmQxUoPfWEKh921coOuXs=
